
Microsoft Visual Studio Solution File, Format Version 12.00
# Visual Studio Version 17
VisualStudioVersion = 17.8.34112.27
MinimumVisualStudioVersion = 10.0.40219.1
Project("{FAE04EC0-301F-11D3-BF4B-00C04F79EFBC}") = "Dolphin", "Dolphin\Dolphin.csproj", "{395BCFBD-49F8-458A-B7B2-12BD39130B31}"
EndProject
Project("{FAE04EC0-301F-11D3-BF4B-00C04F79EFBC}") = "Dolphin.Data", "Dolphin.Data\Dolphin.Data.csproj", "{B41ABE40-E274-407A-93D4-9CB2C946CE4B}"
EndProject
Project("{FAE04EC0-301F-11D3-BF4B-00C04F79EFBC}") = "Dolphin.Core", "Dolphin.Core\Dolphin.Core.csproj", "{0CD03CF4-2E16-49E5-AFC1-AD34CDA02607}"
EndProject
Project("{FAE04EC0-301F-11D3-BF4B-00C04F79EFBC}") = "Dolphin.Service", "Dolphin.Service\Dolphin.Service.csproj", "{2D6660F4-493C-4ACE-BAA3-82D75F7C10C6}"
EndProject
Global
	GlobalSection(SolutionConfigurationPlatforms) = preSolution
		Debug|Any CPU = Debug|Any CPU
		Release|Any CPU = Release|Any CPU
	EndGlobalSection
	GlobalSection(ProjectConfigurationPlatforms) = postSolution
		{395BCFBD-49F8-458A-B7B2-12BD39130B31}.Debug|Any CPU.ActiveCfg = Debug|Any CPU
		{395BCFBD-49F8-458A-B7B2-12BD39130B31}.Debug|Any CPU.Build.0 = Debug|Any CPU
		{395BCFBD-49F8-458A-B7B2-12BD39130B31}.Release|Any CPU.ActiveCfg = Release|Any CPU
		{395BCFBD-49F8-458A-B7B2-12BD39130B31}.Release|Any CPU.Build.0 = Release|Any CPU
		{B41ABE40-E274-407A-93D4-9CB2C946CE4B}.Debug|Any CPU.ActiveCfg = Debug|Any CPU
		{B41ABE40-E274-407A-93D4-9CB2C946CE4B}.Debug|Any CPU.Build.0 = Debug|Any CPU
		{B41ABE40-E274-407A-93D4-9CB2C946CE4B}.Release|Any CPU.ActiveCfg = Release|Any CPU
		{B41ABE40-E274-407A-93D4-9CB2C946CE4B}.Release|Any CPU.Build.0 = Release|Any CPU
		{0CD03CF4-2E16-49E5-AFC1-AD34CDA02607}.Debug|Any CPU.ActiveCfg = Debug|Any CPU
		{0CD03CF4-2E16-49E5-AFC1-AD34CDA02607}.Debug|Any CPU.Build.0 = Debug|Any CPU
		{0CD03CF4-2E16-49E5-AFC1-AD34CDA02607}.Release|Any CPU.ActiveCfg = Release|Any CPU
		{0CD03CF4-2E16-49E5-AFC1-AD34CDA02607}.Release|Any CPU.Build.0 = Release|Any CPU
		{2D6660F4-493C-4ACE-BAA3-82D75F7C10C6}.Debug|Any CPU.ActiveCfg = Debug|Any CPU
		{2D6660F4-493C-4ACE-BAA3-82D75F7C10C6}.Debug|Any CPU.Build.0 = Debug|Any CPU
		{2D6660F4-493C-4ACE-BAA3-82D75F7C10C6}.Release|Any CPU.ActiveCfg = Release|Any CPU
		{2D6660F4-493C-4ACE-BAA3-82D75F7C10C6}.Release|Any CPU.Build.0 = Release|Any CPU
	EndGlobalSection
	GlobalSection(SolutionProperties) = preSolution
		HideSolutionNode = FALSE
	EndGlobalSection
	GlobalSection(ExtensibilityGlobals) = postSolution
		SolutionGuid = {3BA38C44-D6DF-4BE9-B571-BC39FD1285B1}
	EndGlobalSection
EndGlobal
